
Microsoft Visual Studio Solution File, Format Version 12.00
# Visual Studio Version 16
VisualStudioVersion = 16.0.808.7
MinimumVisualStudioVersion = 10.0.40219.1
Project("{FAE04EC0-301F-11D3-BF4B-00C04F79EFBC}") = "Week5Projects.Android", "Week5Projects.Android\Week5Projects.Android.csproj", "{C2977065-806A-45AE-B5D5-CE9410F31CCC}"
EndProject
Project("{FAE04EC0-301F-11D3-BF4B-00C04F79EFBC}") = "Week5Projects.iOS", "Week5Projects.iOS\Week5Projects.iOS.csproj", "{8225BF9D-260A-4E28-8560-FE5DD6698852}"
EndProject
Project("{FAE04EC0-301F-11D3-BF4B-00C04F79EFBC}") = "Week5Projects", "Week5Projects\Week5Projects.csproj", "{9170A905-D295-4F3F-BDC9-A7D7AC419E3F}"
EndProject
Global
	GlobalSection(SolutionConfigurationPlatforms) = preSolution
		Debug|Any CPU = Debug|Any CPU
		Release|Any CPU = Release|Any CPU
		Debug|iPhoneSimulator = Debug|iPhoneSimulator
		Release|iPhoneSimulator = Release|iPhoneSimulator
		Debug|iPhone = Debug|iPhone
		Release|iPhone = Release|iPhone
	EndGlobalSection
	GlobalSection(ProjectConfigurationPlatforms) = postSolution
		{C2977065-806A-45AE-B5D5-CE9410F31CCC}.Debug|Any CPU.ActiveCfg = Debug|Any CPU
		{C2977065-806A-45AE-B5D5-CE9410F31CCC}.Debug|Any CPU.Build.0 = Debug|Any CPU
		{C2977065-806A-45AE-B5D5-CE9410F31CCC}.Release|Any CPU.ActiveCfg = Release|Any CPU
		{C2977065-806A-45AE-B5D5-CE9410F31CCC}.Release|Any CPU.Build.0 = Release|Any CPU
		{C2977065-806A-45AE-B5D5-CE9410F31CCC}.Debug|iPhoneSimulator.ActiveCfg = Debug|Any CPU
		{C2977065-806A-45AE-B5D5-CE9410F31CCC}.Debug|iPhoneSimulator.Build.0 = Debug|Any CPU
		{C2977065-806A-45AE-B5D5-CE9410F31CCC}.Release|iPhoneSimulator.ActiveCfg = Release|Any CPU
		{C2977065-806A-45AE-B5D5-CE9410F31CCC}.Release|iPhoneSimulator.Build.0 = Release|Any CPU
		{C2977065-806A-45AE-B5D5-CE9410F31CCC}.Debug|iPhone.ActiveCfg = Debug|Any CPU
		{C2977065-806A-45AE-B5D5-CE9410F31CCC}.Debug|iPhone.Build.0 = Debug|Any CPU
		{C2977065-806A-45AE-B5D5-CE9410F31CCC}.Release|iPhone.ActiveCfg = Release|Any CPU
		{C2977065-806A-45AE-B5D5-CE9410F31CCC}.Release|iPhone.Build.0 = Release|Any CPU
		{8225BF9D-260A-4E28-8560-FE5DD6698852}.Debug|Any CPU.ActiveCfg = Debug|iPhoneSimulator
		{8225BF9D-260A-4E28-8560-FE5DD6698852}.Debug|Any CPU.Build.0 = Debug|iPhoneSimulator
		{8225BF9D-260A-4E28-8560-FE5DD6698852}.Release|Any CPU.ActiveCfg = Release|iPhoneSimulator
		{8225BF9D-260A-4E28-8560-FE5DD6698852}.Release|Any CPU.Build.0 = Release|iPhoneSimulator
		{8225BF9D-260A-4E28-8560-FE5DD6698852}.Debug|iPhoneSimulator.ActiveCfg = Debug|iPhoneSimulator
		{8225BF9D-260A-4E28-8560-FE5DD6698852}.Debug|iPhoneSimulator.Build.0 = Debug|iPhoneSimulator
		{8225BF9D-260A-4E28-8560-FE5DD6698852}.Release|iPhoneSimulator.ActiveCfg = Release|iPhoneSimulator
		{8225BF9D-260A-4E28-8560-FE5DD6698852}.Release|iPhoneSimulator.Build.0 = Release|iPhoneSimulator
		{8225BF9D-260A-4E28-8560-FE5DD6698852}.Debug|iPhone.ActiveCfg = Debug|iPhone
		{8225BF9D-260A-4E28-8560-FE5DD6698852}.Debug|iPhone.Build.0 = Debug|iPhone
		{8225BF9D-260A-4E28-8560-FE5DD6698852}.Release|iPhone.ActiveCfg = Release|iPhone
		{8225BF9D-260A-4E28-8560-FE5DD6698852}.Release|iPhone.Build.0 = Release|iPhone
		{9170A905-D295-4F3F-BDC9-A7D7AC419E3F}.Debug|Any CPU.ActiveCfg = Debug|Any CPU
		{9170A905-D295-4F3F-BDC9-A7D7AC419E3F}.Debug|Any CPU.Build.0 = Debug|Any CPU
		{9170A905-D295-4F3F-BDC9-A7D7AC419E3F}.Release|Any CPU.ActiveCfg = Release|Any CPU
		{9170A905-D295-4F3F-BDC9-A7D7AC419E3F}.Release|Any CPU.Build.0 = Release|Any CPU
		{9170A905-D295-4F3F-BDC9-A7D7AC419E3F}.Debug|iPhoneSimulator.ActiveCfg = Debug|Any CPU
		{9170A905-D295-4F3F-BDC9-A7D7AC419E3F}.Debug|iPhoneSimulator.Build.0 = Debug|Any CPU
		{9170A905-D295-4F3F-BDC9-A7D7AC419E3F}.Release|iPhoneSimulator.ActiveCfg = Release|Any CPU
		{9170A905-D295-4F3F-BDC9-A7D7AC419E3F}.Release|iPhoneSimulator.Build.0 = Release|Any CPU
		{9170A905-D295-4F3F-BDC9-A7D7AC419E3F}.Debug|iPhone.ActiveCfg = Debug|Any CPU
		{9170A905-D295-4F3F-BDC9-A7D7AC419E3F}.Debug|iPhone.Build.0 = Debug|Any CPU
		{9170A905-D295-4F3F-BDC9-A7D7AC419E3F}.Release|iPhone.ActiveCfg = Release|Any CPU
		{9170A905-D295-4F3F-BDC9-A7D7AC419E3F}.Release|iPhone.Build.0 = Release|Any CPU
	EndGlobalSection
	GlobalSection(SolutionProperties) = preSolution
		HideSolutionNode = FALSE
	EndGlobalSection
	GlobalSection(ExtensibilityGlobals) = postSolution
		SolutionGuid = {14FBF996-30C8-426F-96AB-07E1160DD449}
	EndGlobalSection
EndGlobal
